{
  "object": {
    "pins": [
      {
        "package": "SDWebImage",
        "repositoryURL": "https://github.com/SDWebImage/SDWebImage.git",
        "state": {
          "branch": null,
          "revision": "d6367439527663d2038ca445a3c3c4e4bac40d60",
          "version": "5.12.0"
        }
      },
      {
        "package": "SDWebImageSwiftUI",
        "repositoryURL": "https://github.com/SDWebImage/SDWebImageSwiftUI.git",
        "state": {
          "branch": "master",
          "revision": "336d3f6d3b53729c1f274bf6b75f4532ada116eb",
          "version": null
        }
      }
    ]
  },
  "version": 1
}
